
Microsoft Visual Studio Solution File, Format Version 12.00
# Visual Studio 15
VisualStudioVersion = 15.0.26730.10
MinimumVisualStudioVersion = 10.0.40219.1
Project("{FAE04EC0-301F-11D3-BF4B-00C04F79EFBC}") = "Automata01.Core", "Automata01.Core\Automata01.Core.csproj", "{6F47392A-D392-474C-9397-F9EFC9829EEC}"
EndProject
Project("{FAE04EC0-301F-11D3-BF4B-00C04F79EFBC}") = "Automata01.Presentation.Cmd", "Automata01.Presentation.Cmd\Automata01.Presentation.Cmd.csproj", "{EB2FDAE3-BA61-4A62-8046-80CA8A209CC4}"
EndProject
Project("{FAE04EC0-301F-11D3-BF4B-00C04F79EFBC}") = "Automata01.Service.Api", "Automata01.Service.Api\Automata01.Service.Api.csproj", "{324870D8-846F-4A32-BDA0-59665BF4F903}"
EndProject
Global
	GlobalSection(SolutionConfigurationPlatforms) = preSolution
		Debug|Any CPU = Debug|Any CPU
		Release|Any CPU = Release|Any CPU
	EndGlobalSection
	GlobalSection(ProjectConfigurationPlatforms) = postSolution
		{6F47392A-D392-474C-9397-F9EFC9829EEC}.Debug|Any CPU.ActiveCfg = Debug|Any CPU
		{6F47392A-D392-474C-9397-F9EFC9829EEC}.Debug|Any CPU.Build.0 = Debug|Any CPU
		{6F47392A-D392-474C-9397-F9EFC9829EEC}.Release|Any CPU.ActiveCfg = Release|Any CPU
		{6F47392A-D392-474C-9397-F9EFC9829EEC}.Release|Any CPU.Build.0 = Release|Any CPU
		{EB2FDAE3-BA61-4A62-8046-80CA8A209CC4}.Debug|Any CPU.ActiveCfg = Debug|Any CPU
		{EB2FDAE3-BA61-4A62-8046-80CA8A209CC4}.Debug|Any CPU.Build.0 = Debug|Any CPU
		{EB2FDAE3-BA61-4A62-8046-80CA8A209CC4}.Release|Any CPU.ActiveCfg = Release|Any CPU
		{EB2FDAE3-BA61-4A62-8046-80CA8A209CC4}.Release|Any CPU.Build.0 = Release|Any CPU
		{324870D8-846F-4A32-BDA0-59665BF4F903}.Debug|Any CPU.ActiveCfg = Debug|Any CPU
		{324870D8-846F-4A32-BDA0-59665BF4F903}.Debug|Any CPU.Build.0 = Debug|Any CPU
		{324870D8-846F-4A32-BDA0-59665BF4F903}.Release|Any CPU.ActiveCfg = Release|Any CPU
		{324870D8-846F-4A32-BDA0-59665BF4F903}.Release|Any CPU.Build.0 = Release|Any CPU
	EndGlobalSection
	GlobalSection(SolutionProperties) = preSolution
		HideSolutionNode = FALSE
	EndGlobalSection
	GlobalSection(ExtensibilityGlobals) = postSolution
		SolutionGuid = {F06F8369-D9E1-4C68-84AD-C2B1AF30CF62}
	EndGlobalSection
EndGlobal
